
Microsoft Visual Studio Solution File, Format Version 12.00
# Visual Studio 15
VisualStudioVersion = 15.0.28307.421
MinimumVisualStudioVersion = 10.0.40219.1
Project("{FAE04EC0-301F-11D3-BF4B-00C04F79EFBC}") = "RuntimeCatchBasins", "RuntimeCatchBasins\RuntimeCatchBasins.csproj", "{FB2344D7-D80E-4658-BC59-9403AC51092B}"
EndProject
Project("{FAE04EC0-301F-11D3-BF4B-00C04F79EFBC}") = "MaximoServiceLibrary", "MaximoServiceLibrary\MaximoServiceLibrary.csproj", "{8553BB8E-D82D-4877-97AC-492167219F18}"
EndProject
Project("{FAE04EC0-301F-11D3-BF4B-00C04F79EFBC}") = "MaximoServiceTestConsoleApplication", "MaximoServiceTestConsoleApplication\MaximoServiceTestConsoleApplication.csproj", "{AE27B58B-7EC6-4F5A-A98E-055CC543D202}"
EndProject
Project("{FAE04EC0-301F-11D3-BF4B-00C04F79EFBC}") = "LocalDBLibrary", "LocalDBLibrary\LocalDBLibrary.csproj", "{2A8FFA91-58E0-4991-B22F-72B738D9CEED}"
EndProject
Project("{FAE04EC0-301F-11D3-BF4B-00C04F79EFBC}") = "CatchBasin", "CatchBasin\CatchBasin.csproj", "{0D5F8F27-2D9B-41D5-95A1-E6E22E77FEE0}"
EndProject
Global
	GlobalSection(SolutionConfigurationPlatforms) = preSolution
		Debug|Any CPU = Debug|Any CPU
		Release|Any CPU = Release|Any CPU
	EndGlobalSection
	GlobalSection(ProjectConfigurationPlatforms) = postSolution
		{FB2344D7-D80E-4658-BC59-9403AC51092B}.Debug|Any CPU.ActiveCfg = Debug|Any CPU
		{FB2344D7-D80E-4658-BC59-9403AC51092B}.Debug|Any CPU.Build.0 = Debug|Any CPU
		{FB2344D7-D80E-4658-BC59-9403AC51092B}.Release|Any CPU.ActiveCfg = Release|Any CPU
		{FB2344D7-D80E-4658-BC59-9403AC51092B}.Release|Any CPU.Build.0 = Release|Any CPU
		{8553BB8E-D82D-4877-97AC-492167219F18}.Debug|Any CPU.ActiveCfg = Debug|Any CPU
		{8553BB8E-D82D-4877-97AC-492167219F18}.Debug|Any CPU.Build.0 = Debug|Any CPU
		{8553BB8E-D82D-4877-97AC-492167219F18}.Release|Any CPU.ActiveCfg = Release|Any CPU
		{8553BB8E-D82D-4877-97AC-492167219F18}.Release|Any CPU.Build.0 = Release|Any CPU
		{AE27B58B-7EC6-4F5A-A98E-055CC543D202}.Debug|Any CPU.ActiveCfg = Debug|Any CPU
		{AE27B58B-7EC6-4F5A-A98E-055CC543D202}.Debug|Any CPU.Build.0 = Debug|Any CPU
		{AE27B58B-7EC6-4F5A-A98E-055CC543D202}.Release|Any CPU.ActiveCfg = Release|Any CPU
		{AE27B58B-7EC6-4F5A-A98E-055CC543D202}.Release|Any CPU.Build.0 = Release|Any CPU
		{2A8FFA91-58E0-4991-B22F-72B738D9CEED}.Debug|Any CPU.ActiveCfg = Debug|Any CPU
		{2A8FFA91-58E0-4991-B22F-72B738D9CEED}.Debug|Any CPU.Build.0 = Debug|Any CPU
		{2A8FFA91-58E0-4991-B22F-72B738D9CEED}.Release|Any CPU.ActiveCfg = Release|Any CPU
		{2A8FFA91-58E0-4991-B22F-72B738D9CEED}.Release|Any CPU.Build.0 = Release|Any CPU
		{0D5F8F27-2D9B-41D5-95A1-E6E22E77FEE0}.Debug|Any CPU.ActiveCfg = Debug|Any CPU
		{0D5F8F27-2D9B-41D5-95A1-E6E22E77FEE0}.Debug|Any CPU.Build.0 = Debug|Any CPU
		{0D5F8F27-2D9B-41D5-95A1-E6E22E77FEE0}.Release|Any CPU.ActiveCfg = Release|Any CPU
		{0D5F8F27-2D9B-41D5-95A1-E6E22E77FEE0}.Release|Any CPU.Build.0 = Release|Any CPU
	EndGlobalSection
	GlobalSection(SolutionProperties) = preSolution
		HideSolutionNode = FALSE
	EndGlobalSection
	GlobalSection(ExtensibilityGlobals) = postSolution
		SolutionGuid = {A41A5654-F860-420A-B01E-1AF8932DD874}
	EndGlobalSection
EndGlobal
