
Microsoft Visual Studio Solution File, Format Version 12.00
# Visual Studio 15
VisualStudioVersion = 15.0.28307.421
MinimumVisualStudioVersion = 10.0.40219.1
Project("{FAE04EC0-301F-11D3-BF4B-00C04F79EFBC}") = "RuntimeCatchBasins", "RuntimeCatchBasins\RuntimeCatchBasins.csproj", "{FB2344D7-D80E-4658-BC59-9403AC51092B}"
EndProject
Global
	GlobalSection(SolutionConfigurationPlatforms) = preSolution
		Debug|Any CPU = Debug|Any CPU
		Release|Any CPU = Release|Any CPU
	EndGlobalSection
	GlobalSection(ProjectConfigurationPlatforms) = postSolution
		{FB2344D7-D80E-4658-BC59-9403AC51092B}.Debug|Any CPU.ActiveCfg = Debug|Any CPU
		{FB2344D7-D80E-4658-BC59-9403AC51092B}.Debug|Any CPU.Build.0 = Debug|Any CPU
		{FB2344D7-D80E-4658-BC59-9403AC51092B}.Release|Any CPU.ActiveCfg = Release|Any CPU
		{FB2344D7-D80E-4658-BC59-9403AC51092B}.Release|Any CPU.Build.0 = Release|Any CPU
	EndGlobalSection
	GlobalSection(SolutionProperties) = preSolution
		HideSolutionNode = FALSE
	EndGlobalSection
	GlobalSection(ExtensibilityGlobals) = postSolution
		SolutionGuid = {A41A5654-F860-420A-B01E-1AF8932DD874}
	EndGlobalSection
EndGlobal
